
Microsoft Visual Studio Solution File, Format Version 12.00
# Visual Studio 15
VisualStudioVersion = 15.0.27428.2043
MinimumVisualStudioVersion = 10.0.40219.1
Project("{FAE04EC0-301F-11D3-BF4B-00C04F79EFBC}") = "QuickStart", "QuickStart\QuickStart.csproj", "{3113C16E-6265-47EC-9D09-6CF88BDD16AB}"
EndProject
Global
	GlobalSection(SolutionConfigurationPlatforms) = preSolution
		Debug|Any CPU = Debug|Any CPU
		Release|Any CPU = Release|Any CPU
	EndGlobalSection
	GlobalSection(ProjectConfigurationPlatforms) = postSolution
		{3113C16E-6265-47EC-9D09-6CF88BDD16AB}.Debug|Any CPU.ActiveCfg = Debug|Any CPU
		{3113C16E-6265-47EC-9D09-6CF88BDD16AB}.Debug|Any CPU.Build.0 = Debug|Any CPU
		{3113C16E-6265-47EC-9D09-6CF88BDD16AB}.Release|Any CPU.ActiveCfg = Release|Any CPU
		{3113C16E-6265-47EC-9D09-6CF88BDD16AB}.Release|Any CPU.Build.0 = Release|Any CPU
	EndGlobalSection
	GlobalSection(SolutionProperties) = preSolution
		HideSolutionNode = FALSE
	EndGlobalSection
	GlobalSection(ExtensibilityGlobals) = postSolution
		SolutionGuid = {E7749514-EEE2-4BB0-826B-FD77D19D93B8}
	EndGlobalSection
EndGlobal
